
Microsoft Visual Studio Solution File, Format Version 12.00
# Visual Studio 2013
VisualStudioVersion = 12.0.30110.0
MinimumVisualStudioVersion = 10.0.40219.1
Project("{2150E333-8FDC-42A3-9474-1A3956D46DE8}") = ".nuget", ".nuget", "{3653ECBD-2B13-4F4F-BC0C-8F8E7D6846EA}"
	ProjectSection(SolutionItems) = preProject
		.nuget\NuGet.Config = .nuget\NuGet.Config
		.nuget\NuGet.exe = .nuget\NuGet.exe
		.nuget\NuGet.targets = .nuget\NuGet.targets
	EndProjectSection
EndProject
Project("{FAE04EC0-301F-11D3-BF4B-00C04F79EFBC}") = "Example", "Example\Example.csproj", "{5DFBFFFD-1E8C-45FE-B31C-7E7E32015007}"
EndProject
Project("{2150E333-8FDC-42A3-9474-1A3956D46DE8}") = ".build", ".build", "{7E2AC583-DE23-4457-B150-E5701DAC1A40}"
	ProjectSection(SolutionItems) = preProject
		build.proj = build.proj
	EndProjectSection
EndProject
Project("{2150E333-8FDC-42A3-9474-1A3956D46DE8}") = ".shared", ".shared", "{C0C0B86A-0192-407A-8600-C909BC18DCC7}"
	ProjectSection(SolutionItems) = preProject
		.shared\ProductInfo.cs = .shared\ProductInfo.cs
		.shared\VersionInfo.cs = .shared\VersionInfo.cs
	EndProjectSection
EndProject
Global
	GlobalSection(SolutionConfigurationPlatforms) = preSolution
		Debug|Any CPU = Debug|Any CPU
		Release|Any CPU = Release|Any CPU
	EndGlobalSection
	GlobalSection(ProjectConfigurationPlatforms) = postSolution
		{5DFBFFFD-1E8C-45FE-B31C-7E7E32015007}.Debug|Any CPU.ActiveCfg = Debug|Any CPU
		{5DFBFFFD-1E8C-45FE-B31C-7E7E32015007}.Debug|Any CPU.Build.0 = Debug|Any CPU
		{5DFBFFFD-1E8C-45FE-B31C-7E7E32015007}.Release|Any CPU.ActiveCfg = Release|Any CPU
		{5DFBFFFD-1E8C-45FE-B31C-7E7E32015007}.Release|Any CPU.Build.0 = Release|Any CPU
	EndGlobalSection
	GlobalSection(SolutionProperties) = preSolution
		HideSolutionNode = FALSE
	EndGlobalSection
EndGlobal
